
Microsoft Visual Studio Solution File, Format Version 12.00
Project("{FAE04EC0-301F-11D3-BF4B-00C04F79EFBC}") = "BerechnenGgtUndKgv", "BerechnenGgtUndKgv\BerechnenGgtUndKgv.csproj", "{7481425E-9B08-421F-AFA7-FAA673E9B113}"
EndProject
Global
	GlobalSection(SolutionConfigurationPlatforms) = preSolution
		Debug|Any CPU = Debug|Any CPU
		Release|Any CPU = Release|Any CPU
	EndGlobalSection
	GlobalSection(ProjectConfigurationPlatforms) = postSolution
		{7481425E-9B08-421F-AFA7-FAA673E9B113}.Debug|Any CPU.ActiveCfg = Debug|Any CPU
		{7481425E-9B08-421F-AFA7-FAA673E9B113}.Debug|Any CPU.Build.0 = Debug|Any CPU
		{7481425E-9B08-421F-AFA7-FAA673E9B113}.Release|Any CPU.ActiveCfg = Release|Any CPU
		{7481425E-9B08-421F-AFA7-FAA673E9B113}.Release|Any CPU.Build.0 = Release|Any CPU
	EndGlobalSection
EndGlobal
